
Microsoft Visual Studio Solution File, Format Version 12.00
# Visual Studio 15
VisualStudioVersion = 15.0.26730.16
MinimumVisualStudioVersion = 10.0.40219.1
Project("{FAE04EC0-301F-11D3-BF4B-00C04F79EFBC}") = "WindowsFormsApp12", "WindowsFormsApp12\WindowsFormsApp12.csproj", "{F10A77BB-AB54-4FB5-8BD4-D23EF8E8730E}"
EndProject
Global
	GlobalSection(SolutionConfigurationPlatforms) = preSolution
		Debug|Any CPU = Debug|Any CPU
		Release|Any CPU = Release|Any CPU
	EndGlobalSection
	GlobalSection(ProjectConfigurationPlatforms) = postSolution
		{F10A77BB-AB54-4FB5-8BD4-D23EF8E8730E}.Debug|Any CPU.ActiveCfg = Debug|Any CPU
		{F10A77BB-AB54-4FB5-8BD4-D23EF8E8730E}.Debug|Any CPU.Build.0 = Debug|Any CPU
		{F10A77BB-AB54-4FB5-8BD4-D23EF8E8730E}.Release|Any CPU.ActiveCfg = Release|Any CPU
		{F10A77BB-AB54-4FB5-8BD4-D23EF8E8730E}.Release|Any CPU.Build.0 = Release|Any CPU
	EndGlobalSection
	GlobalSection(SolutionProperties) = preSolution
		HideSolutionNode = FALSE
	EndGlobalSection
	GlobalSection(ExtensibilityGlobals) = postSolution
		SolutionGuid = {6B6060A6-07A9-41CE-AECF-E2D49692279D}
	EndGlobalSection
EndGlobal
