
Microsoft Visual Studio Solution File, Format Version 12.00
# Visual Studio 15
VisualStudioVersion = 15.0.27004.2002
MinimumVisualStudioVersion = 10.0.40219.1
Project("{FAE04EC0-301F-11D3-BF4B-00C04F79EFBC}") = "random en paren", "random en paren.csproj", "{B6EF8939-B173-41B5-83F0-E0242714ABCE}"
EndProject
Global
	GlobalSection(SolutionConfigurationPlatforms) = preSolution
		Debug|Any CPU = Debug|Any CPU
		Release|Any CPU = Release|Any CPU
	EndGlobalSection
	GlobalSection(ProjectConfigurationPlatforms) = postSolution
		{B6EF8939-B173-41B5-83F0-E0242714ABCE}.Debug|Any CPU.ActiveCfg = Debug|Any CPU
		{B6EF8939-B173-41B5-83F0-E0242714ABCE}.Debug|Any CPU.Build.0 = Debug|Any CPU
		{B6EF8939-B173-41B5-83F0-E0242714ABCE}.Release|Any CPU.ActiveCfg = Release|Any CPU
		{B6EF8939-B173-41B5-83F0-E0242714ABCE}.Release|Any CPU.Build.0 = Release|Any CPU
	EndGlobalSection
	GlobalSection(SolutionProperties) = preSolution
		HideSolutionNode = FALSE
	EndGlobalSection
	GlobalSection(ExtensibilityGlobals) = postSolution
		SolutionGuid = {58709CCA-2E02-4EB2-AE65-623344644B51}
	EndGlobalSection
EndGlobal
